
Microsoft Visual Studio Solution File, Format Version 12.00
# Visual Studio Version 18
VisualStudioVersion = 18.0.11222.15
MinimumVisualStudioVersion = 10.0.40219.1
Project("{FAE04EC0-301F-11D3-BF4B-00C04F79EFBC}") = "Day00", "Day00\Day00.csproj", "{FBFD797A-5C84-409F-8C1C-A1EBA2E45BE8}"
EndProject
Project("{FAE04EC0-301F-11D3-BF4B-00C04F79EFBC}") = "Day01", "Day01\Day01.csproj", "{487073B9-9DC4-4E31-894C-E43CC16B3316}"
EndProject
Project("{FAE04EC0-301F-11D3-BF4B-00C04F79EFBC}") = "Day02", "Day02\Day02.csproj", "{06C2CA4F-90FA-3A6F-EF28-3707C2BCD472}"
EndProject
Project("{2150E333-8FDC-42A3-9474-1A3956D46DE8}") = "Solution Items", "Solution Items", "{98DA9B15-462C-408B-A955-C86C5EFB1BFB}"
	ProjectSection(SolutionItems) = preProject
		CLAUDE.md = CLAUDE.md
		README.md = README.md
	EndProjectSection
EndProject
Project("{FAE04EC0-301F-11D3-BF4B-00C04F79EFBC}") = "Day03", "Day03\Day03.csproj", "{17B5370C-EA3B-34D0-E04D-6EA049A8ADF3}"
EndProject
Project("{FAE04EC0-301F-11D3-BF4B-00C04F79EFBC}") = "Day04", "Day04\Day04.csproj", "{9EFC4502-75FE-4649-8AB1-81C19AFCB9DF}"
EndProject
Project("{FAE04EC0-301F-11D3-BF4B-00C04F79EFBC}") = "Day05", "Day05\Day05.csproj", "{880100F4-FF28-437D-AE85-2E452BD5912E}"
EndProject
Project("{FAE04EC0-301F-11D3-BF4B-00C04F79EFBC}") = "Day06", "Day06\Day06.csproj", "{A6B06D6E-1D06-4E6F-8C06-060606060606}"
EndProject
Project("{FAE04EC0-301F-11D3-BF4B-00C04F79EFBC}") = "Day07", "Day07\Day07.csproj", "{60E00293-57FE-BCF6-C9CF-D205C4962FCD}"
EndProject
Global
	GlobalSection(SolutionConfigurationPlatforms) = preSolution
		Debug|Any CPU = Debug|Any CPU
		Debug|x64 = Debug|x64
		Debug|x86 = Debug|x86
		Release|Any CPU = Release|Any CPU
		Release|x64 = Release|x64
		Release|x86 = Release|x86
	EndGlobalSection
	GlobalSection(ProjectConfigurationPlatforms) = postSolution
		{FBFD797A-5C84-409F-8C1C-A1EBA2E45BE8}.Debug|Any CPU.ActiveCfg = Debug|Any CPU
		{FBFD797A-5C84-409F-8C1C-A1EBA2E45BE8}.Debug|Any CPU.Build.0 = Debug|Any CPU
		{FBFD797A-5C84-409F-8C1C-A1EBA2E45BE8}.Debug|x64.ActiveCfg = Debug|Any CPU
		{FBFD797A-5C84-409F-8C1C-A1EBA2E45BE8}.Debug|x64.Build.0 = Debug|Any CPU
		{FBFD797A-5C84-409F-8C1C-A1EBA2E45BE8}.Debug|x86.ActiveCfg = Debug|Any CPU
		{FBFD797A-5C84-409F-8C1C-A1EBA2E45BE8}.Debug|x86.Build.0 = Debug|Any CPU
		{FBFD797A-5C84-409F-8C1C-A1EBA2E45BE8}.Release|Any CPU.ActiveCfg = Release|Any CPU
		{FBFD797A-5C84-409F-8C1C-A1EBA2E45BE8}.Release|Any CPU.Build.0 = Release|Any CPU
		{FBFD797A-5C84-409F-8C1C-A1EBA2E45BE8}.Release|x64.ActiveCfg = Release|Any CPU
		{FBFD797A-5C84-409F-8C1C-A1EBA2E45BE8}.Release|x64.Build.0 = Release|Any CPU
		{FBFD797A-5C84-409F-8C1C-A1EBA2E45BE8}.Release|x86.ActiveCfg = Release|Any CPU
		{FBFD797A-5C84-409F-8C1C-A1EBA2E45BE8}.Release|x86.Build.0 = Release|Any CPU
		{487073B9-9DC4-4E31-894C-E43CC16B3316}.Debug|Any CPU.ActiveCfg = Debug|Any CPU
		{487073B9-9DC4-4E31-894C-E43CC16B3316}.Debug|Any CPU.Build.0 = Debug|Any CPU
		{487073B9-9DC4-4E31-894C-E43CC16B3316}.Debug|x64.ActiveCfg = Debug|Any CPU
		{487073B9-9DC4-4E31-894C-E43CC16B3316}.Debug|x64.Build.0 = Debug|Any CPU
		{487073B9-9DC4-4E31-894C-E43CC16B3316}.Debug|x86.ActiveCfg = Debug|Any CPU
		{487073B9-9DC4-4E31-894C-E43CC16B3316}.Debug|x86.Build.0 = Debug|Any CPU
		{487073B9-9DC4-4E31-894C-E43CC16B3316}.Release|Any CPU.ActiveCfg = Release|Any CPU
		{487073B9-9DC4-4E31-894C-E43CC16B3316}.Release|Any CPU.Build.0 = Release|Any CPU
		{487073B9-9DC4-4E31-894C-E43CC16B3316}.Release|x64.ActiveCfg = Release|Any CPU
		{487073B9-9DC4-4E31-894C-E43CC16B3316}.Release|x64.Build.0 = Release|Any CPU
		{487073B9-9DC4-4E31-894C-E43CC16B3316}.Release|x86.ActiveCfg = Release|Any CPU
		{487073B9-9DC4-4E31-894C-E43CC16B3316}.Release|x86.Build.0 = Release|Any CPU
		{06C2CA4F-90FA-3A6F-EF28-3707C2BCD472}.Debug|Any CPU.ActiveCfg = Debug|Any CPU
		{06C2CA4F-90FA-3A6F-EF28-3707C2BCD472}.Debug|Any CPU.Build.0 = Debug|Any CPU
		{06C2CA4F-90FA-3A6F-EF28-3707C2BCD472}.Debug|x64.ActiveCfg = Debug|Any CPU
		{06C2CA4F-90FA-3A6F-EF28-3707C2BCD472}.Debug|x64.Build.0 = Debug|Any CPU
		{06C2CA4F-90FA-3A6F-EF28-3707C2BCD472}.Debug|x86.ActiveCfg = Debug|Any CPU
		{06C2CA4F-90FA-3A6F-EF28-3707C2BCD472}.Debug|x86.Build.0 = Debug|Any CPU
		{06C2CA4F-90FA-3A6F-EF28-3707C2BCD472}.Release|Any CPU.ActiveCfg = Release|Any CPU
		{06C2CA4F-90FA-3A6F-EF28-3707C2BCD472}.Release|Any CPU.Build.0 = Release|Any CPU
		{06C2CA4F-90FA-3A6F-EF28-3707C2BCD472}.Release|x64.ActiveCfg = Release|Any CPU
		{06C2CA4F-90FA-3A6F-EF28-3707C2BCD472}.Release|x64.Build.0 = Release|Any CPU
		{06C2CA4F-90FA-3A6F-EF28-3707C2BCD472}.Release|x86.ActiveCfg = Release|Any CPU
		{06C2CA4F-90FA-3A6F-EF28-3707C2BCD472}.Release|x86.Build.0 = Release|Any CPU
		{17B5370C-EA3B-34D0-E04D-6EA049A8ADF3}.Debug|Any CPU.ActiveCfg = Debug|Any CPU
		{17B5370C-EA3B-34D0-E04D-6EA049A8ADF3}.Debug|Any CPU.Build.0 = Debug|Any CPU
		{17B5370C-EA3B-34D0-E04D-6EA049A8ADF3}.Debug|x64.ActiveCfg = Debug|Any CPU
		{17B5370C-EA3B-34D0-E04D-6EA049A8ADF3}.Debug|x64.Build.0 = Debug|Any CPU
		{17B5370C-EA3B-34D0-E04D-6EA049A8ADF3}.Debug|x86.ActiveCfg = Debug|Any CPU
		{17B5370C-EA3B-34D0-E04D-6EA049A8ADF3}.Debug|x86.Build.0 = Debug|Any CPU
		{17B5370C-EA3B-34D0-E04D-6EA049A8ADF3}.Release|Any CPU.ActiveCfg = Release|Any CPU
		{17B5370C-EA3B-34D0-E04D-6EA049A8ADF3}.Release|Any CPU.Build.0 = Release|Any CPU
		{17B5370C-EA3B-34D0-E04D-6EA049A8ADF3}.Release|x64.ActiveCfg = Release|Any CPU
		{17B5370C-EA3B-34D0-E04D-6EA049A8ADF3}.Release|x64.Build.0 = Release|Any CPU
		{17B5370C-EA3B-34D0-E04D-6EA049A8ADF3}.Release|x86.ActiveCfg = Release|Any CPU
		{17B5370C-EA3B-34D0-E04D-6EA049A8ADF3}.Release|x86.Build.0 = Release|Any CPU
		{9EFC4502-75FE-4649-8AB1-81C19AFCB9DF}.Debug|Any CPU.ActiveCfg = Debug|Any CPU
		{9EFC4502-75FE-4649-8AB1-81C19AFCB9DF}.Debug|Any CPU.Build.0 = Debug|Any CPU
		{9EFC4502-75FE-4649-8AB1-81C19AFCB9DF}.Debug|x64.ActiveCfg = Debug|Any CPU
		{9EFC4502-75FE-4649-8AB1-81C19AFCB9DF}.Debug|x64.Build.0 = Debug|Any CPU
		{9EFC4502-75FE-4649-8AB1-81C19AFCB9DF}.Debug|x86.ActiveCfg = Debug|Any CPU
		{9EFC4502-75FE-4649-8AB1-81C19AFCB9DF}.Debug|x86.Build.0 = Debug|Any CPU
		{9EFC4502-75FE-4649-8AB1-81C19AFCB9DF}.Release|Any CPU.ActiveCfg = Release|Any CPU
		{9EFC4502-75FE-4649-8AB1-81C19AFCB9DF}.Release|Any CPU.Build.0 = Release|Any CPU
		{9EFC4502-75FE-4649-8AB1-81C19AFCB9DF}.Release|x64.ActiveCfg = Release|Any CPU
		{9EFC4502-75FE-4649-8AB1-81C19AFCB9DF}.Release|x64.Build.0 = Release|Any CPU
		{9EFC4502-75FE-4649-8AB1-81C19AFCB9DF}.Release|x86.ActiveCfg = Release|Any CPU
		{9EFC4502-75FE-4649-8AB1-81C19AFCB9DF}.Release|x86.Build.0 = Release|Any CPU
		{880100F4-FF28-437D-AE85-2E452BD5912E}.Debug|Any CPU.ActiveCfg = Debug|Any CPU
		{880100F4-FF28-437D-AE85-2E452BD5912E}.Debug|Any CPU.Build.0 = Debug|Any CPU
		{880100F4-FF28-437D-AE85-2E452BD5912E}.Debug|x64.ActiveCfg = Debug|Any CPU
		{880100F4-FF28-437D-AE85-2E452BD5912E}.Debug|x64.Build.0 = Debug|Any CPU
		{880100F4-FF28-437D-AE85-2E452BD5912E}.Debug|x86.ActiveCfg = Debug|Any CPU
		{880100F4-FF28-437D-AE85-2E452BD5912E}.Debug|x86.Build.0 = Debug|Any CPU
		{880100F4-FF28-437D-AE85-2E452BD5912E}.Release|Any CPU.ActiveCfg = Release|Any CPU
		{880100F4-FF28-437D-AE85-2E452BD5912E}.Release|Any CPU.Build.0 = Release|Any CPU
		{880100F4-FF28-437D-AE85-2E452BD5912E}.Release|x64.ActiveCfg = Release|Any CPU
		{880100F4-FF28-437D-AE85-2E452BD5912E}.Release|x64.Build.0 = Release|Any CPU
		{880100F4-FF28-437D-AE85-2E452BD5912E}.Release|x86.ActiveCfg = Release|Any CPU
		{880100F4-FF28-437D-AE85-2E452BD5912E}.Release|x86.Build.0 = Release|Any CPU
		{A6B06D6E-1D06-4E6F-8C06-060606060606}.Debug|Any CPU.ActiveCfg = Debug|Any CPU
		{A6B06D6E-1D06-4E6F-8C06-060606060606}.Debug|Any CPU.Build.0 = Debug|Any CPU
		{A6B06D6E-1D06-4E6F-8C06-060606060606}.Debug|x64.ActiveCfg = Debug|Any CPU
		{A6B06D6E-1D06-4E6F-8C06-060606060606}.Debug|x64.Build.0 = Debug|Any CPU
		{A6B06D6E-1D06-4E6F-8C06-060606060606}.Debug|x86.ActiveCfg = Debug|Any CPU
		{A6B06D6E-1D06-4E6F-8C06-060606060606}.Debug|x86.Build.0 = Debug|Any CPU
		{A6B06D6E-1D06-4E6F-8C06-060606060606}.Release|Any CPU.ActiveCfg = Release|Any CPU
		{A6B06D6E-1D06-4E6F-8C06-060606060606}.Release|Any CPU.Build.0 = Release|Any CPU
		{A6B06D6E-1D06-4E6F-8C06-060606060606}.Release|x64.ActiveCfg = Release|Any CPU
		{A6B06D6E-1D06-4E6F-8C06-060606060606}.Release|x64.Build.0 = Release|Any CPU
		{A6B06D6E-1D06-4E6F-8C06-060606060606}.Release|x86.ActiveCfg = Release|Any CPU
		{A6B06D6E-1D06-4E6F-8C06-060606060606}.Release|x86.Build.0 = Release|Any CPU
		{60E00293-57FE-BCF6-C9CF-D205C4962FCD}.Debug|Any CPU.ActiveCfg = Debug|Any CPU
		{60E00293-57FE-BCF6-C9CF-D205C4962FCD}.Debug|Any CPU.Build.0 = Debug|Any CPU
		{60E00293-57FE-BCF6-C9CF-D205C4962FCD}.Debug|x64.ActiveCfg = Debug|Any CPU
		{60E00293-57FE-BCF6-C9CF-D205C4962FCD}.Debug|x64.Build.0 = Debug|Any CPU
		{60E00293-57FE-BCF6-C9CF-D205C4962FCD}.Debug|x86.ActiveCfg = Debug|Any CPU
		{60E00293-57FE-BCF6-C9CF-D205C4962FCD}.Debug|x86.Build.0 = Debug|Any CPU
		{60E00293-57FE-BCF6-C9CF-D205C4962FCD}.Release|Any CPU.ActiveCfg = Release|Any CPU
		{60E00293-57FE-BCF6-C9CF-D205C4962FCD}.Release|Any CPU.Build.0 = Release|Any CPU
		{60E00293-57FE-BCF6-C9CF-D205C4962FCD}.Release|x64.ActiveCfg = Release|Any CPU
		{60E00293-57FE-BCF6-C9CF-D205C4962FCD}.Release|x64.Build.0 = Release|Any CPU
		{60E00293-57FE-BCF6-C9CF-D205C4962FCD}.Release|x86.ActiveCfg = Release|Any CPU
		{60E00293-57FE-BCF6-C9CF-D205C4962FCD}.Release|x86.Build.0 = Release|Any CPU
	EndGlobalSection
	GlobalSection(SolutionProperties) = preSolution
		HideSolutionNode = FALSE
	EndGlobalSection
	GlobalSection(ExtensibilityGlobals) = postSolution
		SolutionGuid = {193A5AC7-C825-4697-9CE1-0D221480EB38}
	EndGlobalSection
EndGlobal
